{
  "lockfileVersion": 1,
  "configVersion": 1,
  "workspaces": {
    "": {
      "name": "react-bun-biome-starter-template",
      "dependencies": {
        "react": "^19.2.7",
        "react-dom": "^19.2.7",
      },
      "devDependencies": {
        "@biomejs/biome": "^2.5.1",
        "@tsconfig/bun": "^1.0.10",
        "@types/react-dom": "^19.2.3",
        "typescript": "^6.0.3",
      },
    },
  },
  "packages": {
    "@biomejs/biome": ["@biomejs/biome@2.5.1", "", { "optionalDependencies": { "@biomejs/cli-darwin-arm64": "2.5.1", "@biomejs/cli-darwin-x64": "2.5.1", "@biomejs/cli-linux-arm64": "2.5.1", "@biomejs/cli-linux-arm64-musl": "2.5.1", "@biomejs/cli-linux-x64": "2.5.1", "@biomejs/cli-linux-x64-musl": "2.5.1", "@biomejs/cli-win32-arm64": "2.5.1", "@biomejs/cli-win32-x64": "2.5.1" }, "bin": { "biome": "bin/biome" } }, "sha512-IXWLCxKmae+rI7LOHS1B3EbVisQ6GRAWbhN9msa6KjNCyFWrvKZWR4oUdinaNssrV852OrSHuSPa95h1GPJc7Q=="],

    "@biomejs/cli-darwin-arm64": ["@biomejs/cli-darwin-arm64@2.5.1", "", { "os": "darwin", "cpu": "arm64" }, "sha512-npqDzvqv7vFaWRiNN1Te71siRgPaqS9MpqgYCdP/CrUbkJ7ApezaeaKjueKHRN/JH/6lRjJQAHi8acQDCAz22w=="],

    "@biomejs/cli-darwin-x64": ["@biomejs/cli-darwin-x64@2.5.1", "", { "os": "darwin", "cpu": "x64" }, "sha512-RgwTqPAM8g2tn1j+b5oRjF/DbSBX8a4gwojtuG9XuhfK7GgomvZ9+T+tqjXiVbjLEeGJOoL6VEk8mvRTVeSybw=="],

    "@biomejs/cli-linux-arm64": ["@biomejs/cli-linux-arm64@2.5.1", "", { "os": "linux", "cpu": "arm64" }, "sha512-yhV35CzZh38VyMvTEXi3JTjxZBs++oCKK9KG8vB6VI5+uvQvZNR3BFWEKKzuOmx9DJJj7sQpZ4LQJcmbGTs3+Q=="],

    "@biomejs/cli-linux-arm64-musl": ["@biomejs/cli-linux-arm64-musl@2.5.1", "", { "os": "linux", "cpu": "arm64" }, "sha512-WMcvMLgByyTqVxGlq918NBBYliq9FRR9GAQVETHb+VjGVqXCZFfHlZHC1FX4ibuYY/Hg6TJE3rHU0xVrdJXNRw=="],

    "@biomejs/cli-linux-x64": ["@biomejs/cli-linux-x64@2.5.1", "", { "os": "linux", "cpu": "x64" }, "sha512-J/7uHSX7NfoYDI7HijAkd8lnQIOrRb2W7j3X+tw4R+N5ExvXGsyXFiGdQcfcxfOmNQmZVSQOCDk757fwpzqQcg=="],

    "@biomejs/cli-linux-x64-musl": ["@biomejs/cli-linux-x64-musl@2.5.1", "", { "os": "linux", "cpu": "x64" }, "sha512-ANTowtlLmPYm5yeMckWY8Xzb9Ix+JJP3tgHR/n6xRj1VWyIzzWtfRfih9hv9VmClwadpBvZduISZIbBsIlYG3A=="],

    "@biomejs/cli-win32-arm64": ["@biomejs/cli-win32-arm64@2.5.1", "", { "os": "win32", "cpu": "arm64" }, "sha512-zgXnKNgWPC4iPF7Y1lR3STUeCUuZRpD6IiOrC7TZTlh0Lx6FiVUT05myuMQHQ9D+1cc7uyMldi4forE6lp0ivQ=="],

    "@biomejs/cli-win32-x64": ["@biomejs/cli-win32-x64@2.5.1", "", { "os": "win32", "cpu": "x64" }, "sha512-6uxpR9hvaglANkZemeSiN/FhYgkGasrEGn267eXIWvjrjJ2LhDlk251IhjVJq6MXzkV2/bcXwLwSroLyPtqRZg=="],

    "@tsconfig/bun": ["@tsconfig/bun@1.0.10", "", {}, "sha512-5AV5YknQjNyoYzZ/8NG0dawqew/wH+x7ANiCfCIn29qo0cdbd1EryvFD1k5NSZWLBMOI/fGqMIaxi58GPIP9Cg=="],

    "@types/react": ["@types/react@19.2.14", "", { "dependencies": { "csstype": "^3.2.2" } }, "sha512-ilcTH/UniCkMdtexkoCN0bI7pMcJDvmQFPvuPvmEaYA/NSfFTAgdUSLAoVjaRJm7+6PvcM+q1zYOwS4wTYMF9w=="],

    "@types/react-dom": ["@types/react-dom@19.2.3", "", { "peerDependencies": { "@types/react": "^19.2.0" } }, "sha512-jp2L/eY6fn+KgVVQAOqYItbF0VY/YApe5Mz2F0aykSO8gx31bYCZyvSeYxCHKvzHG5eZjc+zyaS5BrBWya2+kQ=="],

    "csstype": ["csstype@3.2.3", "", {}, "sha512-z1HGKcYy2xA8AGQfwrn0PAy+PB7X/GSj3UVJW9qKyn43xWa+gl5nXmU4qqLMRzWVLFC8KusUX8T/0kCiOYpAIQ=="],

    "react": ["react@19.2.7", "", {}, "sha512-HNe9WslTbXmFK8o8cmwgAeJFSBvt1bPdHCVKtaaV+WlAN36mpT4hcRpwbf3fY56ar2oIXzsBpOAiIRHAdY0OlQ=="],

    "react-dom": ["react-dom@19.2.7", "", { "dependencies": { "scheduler": "^0.27.0" }, "peerDependencies": { "react": "^19.2.7" } }, "sha512-t0BRVXvbiE/o20Hfw669rLbMCDWtYZLvmJigy2f0MxsXF+71pxhR3xOkspmsO8h3ZlNzyibAmtCa3l4lYKk6gQ=="],

    "scheduler": ["scheduler@0.27.0", "", {}, "sha512-eNv+WrVbKu1f3vbYJT/xtiF5syA5HPIMtf9IgY/nKg0sWqzAUEvqY/xm7OcZc/qafLx/iO9FgOmeSAp4v5ti/Q=="],

    "typescript": ["typescript@6.0.3", "", { "bin": { "tsc": "bin/tsc", "tsserver": "bin/tsserver" } }, "sha512-y2TvuxSZPDyQakkFRPZHKFm+KKVqIisdg9/CZwm9ftvKXLP8NRWj38/ODjNbr43SsoXqNuAisEf1GdCxqWcdBw=="],
  }
}
